<?xml version="1.0" encoding="utf-8"?>
<Project ToolsVersion="4.0" xmlns="http://schemas.microsoft.com/developer/msbuild/2003">
  <ItemGroup>
    <Filter Include="源文件">
      <UniqueIdentifier>{4FC737F1-C7A5-4376-A066-2A32D752A2FF}</UniqueIdentifier>
      <Extensions>cpp;c;cc;cxx;c++;cppm;ixx;def;odl;idl;hpj;bat;asm;asmx</Extensions>
    </Filter>
    <Filter Include="头文件">
      <UniqueIdentifier>{93995380-89BD-4b04-88EB-625FBE52EBFB}</UniqueIdentifier>
      <Extensions>h;hh;hpp;hxx;h++;hm;inl;inc;ipp;xsd</Extensions>
    </Filter>
    <Filter Include="资源文件">
      <UniqueIdentifier>{67DA6AB6-F800-4c08-8B7A-83BB121AAD01}</UniqueIdentifier>
      <Extensions>rc;ico;cur;bmp;dlg;rc2;rct;bin;rgs;gif;jpg;jpeg;jpe;resx;tiff;tif;png;wav;mfcribbon-ms</Extensions>
    </Filter>
    <Filter Include="源文件\4">
      <UniqueIdentifier>{fff42c48-2464-4313-935a-3cde136c6cad}</UniqueIdentifier>
    </Filter>
    <Filter Include="源文件\5">
      <UniqueIdentifier>{3b1a105f-68b2-49f7-91ef-553cab328b26}</UniqueIdentifier>
    </Filter>
    <Filter Include="源文件\6">
      <UniqueIdentifier>{ac092ef6-1bbc-4c49-9cb1-21a96be3ad7c}</UniqueIdentifier>
    </Filter>
    <Filter Include="源文件\7">
      <UniqueIdentifier>{e601f620-b84c-4be8-8416-4212c1693f60}</UniqueIdentifier>
    </Filter>
    <Filter Include="头文件\7">
      <UniqueIdentifier>{34911ab4-e6bd-4ad8-bfea-21863e6c4c9b}</UniqueIdentifier>
    </Filter>
  </ItemGroup>
  <ItemGroup>
    <ClCompile Include="4_3.cpp">
      <Filter>源文件\4</Filter>
    </ClCompile>
    <ClCompile Include="main.cpp">
      <Filter>源文件</Filter>
    </ClCompile>
    <ClCompile Include="4_5.cpp">
      <Filter>源文件\4</Filter>
    </ClCompile>
    <ClCompile Include="4_8.cpp">
      <Filter>源文件\4</Filter>
    </ClCompile>
    <ClCompile Include="6_3_2.cpp">
      <Filter>源文件\6</Filter>
    </ClCompile>
    <ClCompile Include="5_3_2.cpp">
      <Filter>源文件\5</Filter>
    </ClCompile>
    <ClCompile Include="6_3_3.cpp">
      <Filter>源文件\6</Filter>
    </ClCompile>
    <ClCompile Include="6_7.cpp">
      <Filter>源文件\6</Filter>
    </ClCompile>
    <ClCompile Include="6_4_1.cpp">
      <Filter>源文件\6</Filter>
    </ClCompile>
    <ClCompile Include="6_5_3.cpp">
      <Filter>源文件\6</Filter>
    </ClCompile>
    <ClCompile Include="Sales_data.cpp">
      <Filter>源文件\7</Filter>
    </ClCompile>
    <ClCompile Include="Screen.cpp">
      <Filter>源文件\7</Filter>
    </ClCompile>
  </ItemGroup>
  <ItemGroup>
    <ClInclude Include="main.h">
      <Filter>头文件</Filter>
    </ClInclude>
    <ClInclude Include="Sales_data.h">
      <Filter>头文件\7</Filter>
    </ClInclude>
    <ClInclude Include="Screen.h">
      <Filter>头文件\7</Filter>
    </ClInclude>
    <ClInclude Include="Window_mgr.h">
      <Filter>头文件\7</Filter>
    </ClInclude>
  </ItemGroup>
</Project>